{
  "version": 4,
  "terraform_version": "1.6.0",
  "serial": 15,
  "lineage": "a1b2c3d4-e5f6-7890-abcd-ef1234567890",
  "outputs": {},
  "resources": [
    {
      "mode": "managed",
      "type": "aws_instance",
      "name": "web_server",
      "provider": "provider[\"registry.terraform.io/hashicorp/aws\"]",
      "instances": [
        {
          "schema_version": 1,
          "attributes": {
            "id": "i-0abc123def456789a",
            "ami": "ami-0123456789abcdef0",
            "instance_type": "t2.micro",
            "availability_zone": "us-east-1a",
            "subnet_id": "subnet-12345678",
            "vpc_security_group_ids": [
              "sg-0123456789abcdef0",
              "sg-0987654321fedcba0"
            ],
            "key_name": "production-key",
            "private_ip": "10.0.1.100",
            "public_ip": "54.123.45.67",
            "ebs_optimized": false,
            "monitoring": true,
            "iam_instance_profile": "arn:aws:iam::123456789012:instance-profile/WebServerRole",
            "tags": {
              "Name": "web-server-01",
              "Environment": "production",
              "Team": "platform"
            },
            "tags_all": {
              "Name": "web-server-01",
              "Environment": "production",
              "Team": "platform"
            },
            "root_block_device": [
              {
                "volume_size": 50,
                "volume_type": "gp3",
                "delete_on_termination": true,
                "encrypted": true,
                "iops": 3000,
                "throughput": 125
              }
            ]
          }
        }
      ]
    },
    {
      "mode": "managed",
      "type": "aws_instance",
      "name": "api_server",
      "provider": "provider[\"registry.terraform.io/hashicorp/aws\"]",
      "instances": [
        {
          "schema_version": 1,
          "attributes": {
            "id": "i-0def456789abc123b",
            "ami": "ami-0123456789abcdef0",
            "instance_type": "t3.medium",
            "availability_zone": "us-east-1b",
            "subnet_id": "subnet-87654321",
            "vpc_security_group_ids": [
              "sg-1111111111111111",
              "sg-2222222222222222"
            ],
            "key_name": "production-key",
            "private_ip": "10.0.2.100",
            "public_ip": "54.234.56.78",
            "ebs_optimized": true,
            "monitoring": true,
            "iam_instance_profile": "arn:aws:iam::123456789012:instance-profile/APIServerRole",
            "tags": {
              "Name": "api-server-01",
              "Environment": "production",
              "Team": "backend"
            },
            "tags_all": {
              "Name": "api-server-01",
              "Environment": "production",
              "Team": "backend"
            },
            "root_block_device": [
              {
                "volume_size": 100,
                "volume_type": "gp3",
                "delete_on_termination": true,
                "encrypted": true,
                "iops": 4000,
                "throughput": 250
              }
            ]
          }
        }
      ]
    },
    {
      "mode": "managed",
      "type": "aws_instance",
      "name": "database_server",
      "provider": "provider[\"registry.terraform.io/hashicorp/aws\"]",
      "instances": [
        {
          "schema_version": 1,
          "attributes": {
            "id": "i-0ghi789012jkl345c",
            "ami": "ami-0fedcba9876543210",
            "instance_type": "r5.large",
            "availability_zone": "us-east-1a",
            "subnet_id": "subnet-11223344",
            "vpc_security_group_ids": [
              "sg-3333333333333333"
            ],
            "key_name": "database-key",
            "private_ip": "10.0.3.100",
            "public_ip": "",
            "ebs_optimized": true,
            "monitoring": true,
            "iam_instance_profile": "arn:aws:iam::123456789012:instance-profile/DatabaseRole",
            "tags": {
              "Name": "database-server-01",
              "Environment": "production",
              "Team": "data"
            },
            "tags_all": {
              "Name": "database-server-01",
              "Environment": "production",
              "Team": "data"
            },
            "root_block_device": [
              {
                "volume_size": 500,
                "volume_type": "io2",
                "delete_on_termination": false,
                "encrypted": true,
                "iops": 10000,
                "throughput": 0
              }
            ]
          }
        }
      ]
    }
  ]
}
